
Microsoft Visual Studio Solution File, Format Version 12.00
# Visual Studio 15
VisualStudioVersion = 15.0.28307.438
MinimumVisualStudioVersion = 10.0.40219.1
Project("{8BC9CEB8-8B4A-11D0-8D11-00A0C91BC942}") = "zadanie3.1", "zadanie3.1\zadanie3.1.vcxproj", "{492F7C36-1C3E-430B-B218-40B2BBF8132D}"
EndProject
Global
	GlobalSection(SolutionConfigurationPlatforms) = preSolution
		Debug|x64 = Debug|x64
		Debug|x86 = Debug|x86
		Release|x64 = Release|x64
		Release|x86 = Release|x86
	EndGlobalSection
	GlobalSection(ProjectConfigurationPlatforms) = postSolution
		{492F7C36-1C3E-430B-B218-40B2BBF8132D}.Debug|x64.ActiveCfg = Debug|x64
		{492F7C36-1C3E-430B-B218-40B2BBF8132D}.Debug|x64.Build.0 = Debug|x64
		{492F7C36-1C3E-430B-B218-40B2BBF8132D}.Debug|x86.ActiveCfg = Debug|Win32
		{492F7C36-1C3E-430B-B218-40B2BBF8132D}.Debug|x86.Build.0 = Debug|Win32
		{492F7C36-1C3E-430B-B218-40B2BBF8132D}.Release|x64.ActiveCfg = Release|x64
		{492F7C36-1C3E-430B-B218-40B2BBF8132D}.Release|x64.Build.0 = Release|x64
		{492F7C36-1C3E-430B-B218-40B2BBF8132D}.Release|x86.ActiveCfg = Release|Win32
		{492F7C36-1C3E-430B-B218-40B2BBF8132D}.Release|x86.Build.0 = Release|Win32
	EndGlobalSection
	GlobalSection(SolutionProperties) = preSolution
		HideSolutionNode = FALSE
	EndGlobalSection
	GlobalSection(ExtensibilityGlobals) = postSolution
		SolutionGuid = {F5C3624F-1E86-40D6-9121-77FD7D6D783D}
	EndGlobalSection
EndGlobal
